# This file is automatically @generated by Cargo.
# It is not intended for manual editing.
version = 4

[[package]]
name = "libm"
version = "0.2.16"
source = "registry+https://github.com/rust-lang/crates.io-index"
checksum = "b6d2cec3eae94f9f509c767b45932f1ada8350c4bdb85af2fcab4a3c14807981"

[[package]]
name = "randstat-cli"
version = "0.1.0"
dependencies = [
 "randstat-core",
 "randstat-suite-ent",
]

[[package]]
name = "randstat-core"
version = "0.1.0"
dependencies = [
 "libm",
]

[[package]]
name = "randstat-suite-dieharder"
version = "0.1.0"
dependencies = [
 "randstat-core",
 "randstat-tests",
]

[[package]]
name = "randstat-suite-ent"
version = "0.1.0"
dependencies = [
 "randstat-core",
 "randstat-tests",
]

[[package]]
name = "randstat-suite-full"
version = "0.1.0"
dependencies = [
 "randstat-core",
 "randstat-suite-ent",
 "randstat-suite-nist",
]

[[package]]
name = "randstat-suite-nist"
version = "0.1.0"
dependencies = [
 "randstat-core",
 "randstat-tests",
]

[[package]]
name = "randstat-suite-quick"
version = "0.1.0"
dependencies = [
 "randstat-core",
 "randstat-tests",
]

[[package]]
name = "randstat-tests"
version = "0.1.0"
dependencies = [
 "libm",
 "randstat-core",
]

[[package]]
name = "randstat-wasm"
version = "0.1.0"
dependencies = [
 "randstat-core",
 "randstat-suite-dieharder",
 "randstat-suite-ent",
 "randstat-suite-full",
 "randstat-suite-nist",
 "randstat-suite-quick",
]
